// !$*UTF8*$!
{
	archiveVersion = 1;
	classes = {
	};
	objectVersion = 50;
	objects = {

/* Begin PBXBuildFile section */
		6A7802F421C307BD00F349A5 /* HomeMapViewController.swift in Sources */ = {isa = PBXBuildFile; fileRef = 6A7802F321C307BC00F349A5 /* HomeMapViewController.swift */; };
		6AC0A0F421C317C300C34ADE /* GooglePlace.swift in Sources */ = {isa = PBXBuildFile; fileRef = 6AC0A0F321C317C300C34ADE /* GooglePlace.swift */; };
		6AC0A0F721C3188800C34ADE /* GoogleDataWrapper.swift in Sources */ = {isa = PBXBuildFile; fileRef = 6AC0A0F621C3188800C34ADE /* GoogleDataWrapper.swift */; };
		6AC0A0F921C319EB00C34ADE /* PlacePin.swift in Sources */ = {isa = PBXBuildFile; fileRef = 6AC0A0F821C319EB00C34ADE /* PlacePin.swift */; };
		6AC0A0FB21C34C8900C34ADE /* PlaceChoseViewController.swift in Sources */ = {isa = PBXBuildFile; fileRef = 6AC0A0FA21C34C8900C34ADE /* PlaceChoseViewController.swift */; };
		6AC2A99A21C3037D00878029 /* AppDelegate.swift in Sources */ = {isa = PBXBuildFile; fileRef = 6AC2A99921C3037D00878029 /* AppDelegate.swift */; };
		6AC2A99F21C3037D00878029 /* Main.storyboard in Resources */ = {isa = PBXBuildFile; fileRef = 6AC2A99D21C3037D00878029 /* Main.storyboard */; };
		6AC2A9A121C3037F00878029 /* Assets.xcassets in Resources */ = {isa = PBXBuildFile; fileRef = 6AC2A9A021C3037F00878029 /* Assets.xcassets */; };
		6AC2A9A421C3037F00878029 /* LaunchScreen.storyboard in Resources */ = {isa = PBXBuildFile; fileRef = 6AC2A9A221C3037F00878029 /* LaunchScreen.storyboard */; };
		6AC2A9AF21C3037F00878029 /* DondeTests.swift in Sources */ = {isa = PBXBuildFile; fileRef = 6AC2A9AE21C3037F00878029 /* DondeTests.swift */; };
		73255C8C464A25701C978F23 /* Pods_Donde.framework in Frameworks */ = {isa = PBXBuildFile; fileRef = C7E323044614CC90400E7618 /* Pods_Donde.framework */; };
		7A3B7E1520976F5C8BA42224 /* Pods_DondeTests.framework in Frameworks */ = {isa = PBXBuildFile; fileRef = E5764DF96E0C45E02ACD578C /* Pods_DondeTests.framework */; };
/* End PBXBuildFile section */

/* Begin PBXContainerItemProxy section */
		6AC2A9AB21C3037F00878029 /* PBXContainerItemProxy */ = {
			isa = PBXContainerItemProxy;
			containerPortal = 6AC2A98E21C3037D00878029 /* Project object */;
			proxyType = 1;
			remoteGlobalIDString = 6AC2A99521C3037D00878029;
			remoteInfo = Donde;
		};
/* End PBXContainerItemProxy section */

/* Begin PBXFileReference section */
		34B0EF15BD670930643BE54B /* Pods-Donde.debug.xcconfig */ = {isa = PBXFileReference; includeInIndex = 1; lastKnownFileType = text.xcconfig; name = "Pods-Donde.debug.xcconfig"; path = "Pods/Target Support Files/Pods-Donde/Pods-Donde.debug.xcconfig"; sourceTree = "<group>"; };
		4BD02DF2216EFEF9DB9E15EA /* Pods-Donde.release.xcconfig */ = {isa = PBXFileReference; includeInIndex = 1; lastKnownFileType = text.xcconfig; name = "Pods-Donde.release.xcconfig"; path = "Pods/Target Support Files/Pods-Donde/Pods-Donde.release.xcconfig"; sourceTree = "<group>"; };
		4E260605FCC8F230DD6CA162 /* Pods-DondeTests.release.xcconfig */ = {isa = PBXFileReference; includeInIndex = 1; lastKnownFileType = text.xcconfig; name = "Pods-DondeTests.release.xcconfig"; path = "Pods/Target Support Files/Pods-DondeTests/Pods-DondeTests.release.xcconfig"; sourceTree = "<group>"; };
		6A7802F321C307BC00F349A5 /* HomeMapViewController.swift */ = {isa = PBXFileReference; lastKnownFileType = sourcecode.swift; name = HomeMapViewController.swift; path = /Users/jesusgarnica/Documents/GitHub/FinalProject/CSC690FinalProject/Donde/Donde/ViewControllers/HomeMapViewController.swift; sourceTree = "<absolute>"; };
		6AC0A0F321C317C300C34ADE /* GooglePlace.swift */ = {isa = PBXFileReference; lastKnownFileType = sourcecode.swift; path = GooglePlace.swift; sourceTree = "<group>"; };
		6AC0A0F621C3188800C34ADE /* GoogleDataWrapper.swift */ = {isa = PBXFileReference; lastKnownFileType = sourcecode.swift; path = GoogleDataWrapper.swift; sourceTree = "<group>"; };
		6AC0A0F821C319EB00C34ADE /* PlacePin.swift */ = {isa = PBXFileReference; lastKnownFileType = sourcecode.swift; path = PlacePin.swift; sourceTree = "<group>"; };
		6AC0A0FA21C34C8900C34ADE /* PlaceChoseViewController.swift */ = {isa = PBXFileReference; lastKnownFileType = sourcecode.swift; path = PlaceChoseViewController.swift; sourceTree = "<group>"; };
		6AC2A99621C3037D00878029 /* Donde.app */ = {isa = PBXFileReference; explicitFileType = wrapper.application; includeInIndex = 0; path = Donde.app; sourceTree = BUILT_PRODUCTS_DIR; };
		6AC2A99921C3037D00878029 /* AppDelegate.swift */ = {isa = PBXFileReference; lastKnownFileType = sourcecode.swift; path = AppDelegate.swift; sourceTree = "<group>"; };
		6AC2A99E21C3037D00878029 /* Base */ = {isa = PBXFileReference; lastKnownFileType = file.storyboard; name = Base; path = Base.lproj/Main.storyboard; sourceTree = "<group>"; };
		6AC2A9A021C3037F00878029 /* Assets.xcassets */ = {isa = PBXFileReference; lastKnownFileType = folder.assetcatalog; path = Assets.xcassets; sourceTree = "<group>"; };
		6AC2A9A321C3037F00878029 /* Base */ = {isa = PBXFileReference; lastKnownFileType = file.storyboard; name = Base; path = Base.lproj/LaunchScreen.storyboard; sourceTree = "<group>"; };
		6AC2A9A521C3037F00878029 /* Info.plist */ = {isa = PBXFileReference; lastKnownFileType = text.plist.xml; path = Info.plist; sourceTree = "<group>"; };
		6AC2A9AA21C3037F00878029 /* DondeTests.xctest */ = {isa = PBXFileReference; explicitFileType = wrapper.cfbundle; includeInIndex = 0; path = DondeTests.xctest; sourceTree = BUILT_PRODUCTS_DIR; };
		6AC2A9AE21C3037F00878029 /* DondeTests.swift */ = {isa = PBXFileReference; lastKnownFileType = sourcecode.swift; path = DondeTests.swift; sourceTree = "<group>"; };
		6AC2A9B021C3037F00878029 /* Info.plist */ = {isa = PBXFileReference; lastKnownFileType = text.plist.xml; path = Info.plist; sourceTree = "<group>"; };
		C7E323044614CC90400E7618 /* Pods_Donde.framework */ = {isa = PBXFileReference; explicitFileType = wrapper.framework; includeInIndex = 0; path = Pods_Donde.framework; sourceTree = BUILT_PRODUCTS_DIR; };
		E5764DF96E0C45E02ACD578C /* Pods_DondeTests.framework */ = {isa = PBXFileReference; explicitFileType = wrapper.framework; includeInIndex = 0; path = Pods_DondeTests.framework; sourceTree = BUILT_PRODUCTS_DIR; };
		F09C250A52B312699E8887CF /* Pods-DondeTests.debug.xcconfig */ = {isa = PBXFileReference; includeInIndex = 1; lastKnownFileType = text.xcconfig; name = "Pods-DondeTests.debug.xcconfig"; path = "Pods/Target Support Files/Pods-DondeTests/Pods-DondeTests.debug.xcconfig"; sourceTree = "<group>"; };
/* End PBXFileReference section */

/* Begin PBXFrameworksBuildPhase section */
		6AC2A99321C3037D00878029 /* Frameworks */ = {
			isa = PBXFrameworksBuildPhase;
			buildActionMask = 2147483647;
			files = (
				73255C8C464A25701C978F23 /* Pods_Donde.framework in Frameworks */,
			);
			runOnlyForDeploymentPostprocessing = 0;
		};
		6AC2A9A721C3037F00878029 /* Frameworks */ = {
			isa = PBXFrameworksBuildPhase;
			buildActionMask = 2147483647;
			files = (
				7A3B7E1520976F5C8BA42224 /* Pods_DondeTests.framework in Frameworks */,
			);
			runOnlyForDeploymentPostprocessing = 0;
		};
/* End PBXFrameworksBuildPhase section */

/* Begin PBXGroup section */
		375694882564006C9E59FEE4 /* Pods */ = {
			isa = PBXGroup;
			children = (
				34B0EF15BD670930643BE54B /* Pods-Donde.debug.xcconfig */,
				4BD02DF2216EFEF9DB9E15EA /* Pods-Donde.release.xcconfig */,
				F09C250A52B312699E8887CF /* Pods-DondeTests.debug.xcconfig */,
				4E260605FCC8F230DD6CA162 /* Pods-DondeTests.release.xcconfig */,
			);
			name = Pods;
			sourceTree = "<group>";
		};
		6A7802F021C3064C00F349A5 /* ViewControllers */ = {
			isa = PBXGroup;
			children = (
				6A7802F321C307BC00F349A5 /* HomeMapViewController.swift */,
				6AC0A0FA21C34C8900C34ADE /* PlaceChoseViewController.swift */,
			);
			path = ViewControllers;
			sourceTree = "<group>";
		};
		6AC0A0F521C317C900C34ADE /* Models */ = {
			isa = PBXGroup;
			children = (
				6AC0A0F321C317C300C34ADE /* GooglePlace.swift */,
				6AC0A0F621C3188800C34ADE /* GoogleDataWrapper.swift */,
				6AC0A0F821C319EB00C34ADE /* PlacePin.swift */,
			);
			path = Models;
			sourceTree = "<group>";
		};
		6AC2A98D21C3037D00878029 = {
			isa = PBXGroup;
			children = (
				6AC2A99821C3037D00878029 /* Donde */,
				6AC2A9AD21C3037F00878029 /* DondeTests */,
				6AC2A99721C3037D00878029 /* Products */,
				375694882564006C9E59FEE4 /* Pods */,
				950DE65F1B99B294F37D0A65 /* Frameworks */,
			);
			sourceTree = "<group>";
		};
		6AC2A99721C3037D00878029 /* Products */ = {
			isa = PBXGroup;
			children = (
				6AC2A99621C3037D00878029 /* Donde.app */,
				6AC2A9AA21C3037F00878029 /* DondeTests.xctest */,
			);
			name = Products;
			sourceTree = "<group>";
		};
		6AC2A99821C3037D00878029 /* Donde */ = {
			isa = PBXGroup;
			children = (
				6AC0A0F521C317C900C34ADE /* Models */,
				6A7802F021C3064C00F349A5 /* ViewControllers */,
				6AC2A99921C3037D00878029 /* AppDelegate.swift */,
				6AC2A99D21C3037D00878029 /* Main.storyboard */,
				6AC2A9A021C3037F00878029 /* Assets.xcassets */,
				6AC2A9A221C3037F00878029 /* LaunchScreen.storyboard */,
				6AC2A9A521C3037F00878029 /* Info.plist */,
			);
			path = Donde;
			sourceTree = "<group>";
		};
		6AC2A9AD21C3037F00878029 /* DondeTests */ = {
			isa = PBXGroup;
			children = (
				6AC2A9AE21C3037F00878029 /* DondeTests.swift */,
				6AC2A9B021C3037F00878029 /* Info.plist */,
			);
			path = DondeTests;
			sourceTree = "<group>";
		};
		950DE65F1B99B294F37D0A65 /* Frameworks */ = {
			isa = PBXGroup;
			children = (
				C7E323044614CC90400E7618 /* Pods_Donde.framework */,
				E5764DF96E0C45E02ACD578C /* Pods_DondeTests.framework */,
			);
			name = Frameworks;
			sourceTree = "<group>";
		};
/* End PBXGroup section */

/* Begin PBXNativeTarget section */
		6AC2A99521C3037D00878029 /* Donde */ = {
			isa = PBXNativeTarget;
			buildConfigurationList = 6AC2A9B321C3037F00878029 /* Build configuration list for PBXNativeTarget "Donde" */;
			buildPhases = (
				97F33E16A8F051AFCEC366DE /* [CP] Check Pods Manifest.lock */,
				6AC2A99221C3037D00878029 /* Sources */,
				6AC2A99321C3037D00878029 /* Frameworks */,
				6AC2A99421C3037D00878029 /* Resources */,
				523FAE6943F713C7D8B166A2 /* [CP] Copy Pods Resources */,
				43542BC67C14A3F29A767140 /* [CP] Embed Pods Frameworks */,
			);
			buildRules = (
			);
			dependencies = (
			);
			name = Donde;
			productName = Donde;
			productReference = 6AC2A99621C3037D00878029 /* Donde.app */;
			productType = "com.apple.product-type.application";
		};
		6AC2A9A921C3037F00878029 /* DondeTests */ = {
			isa = PBXNativeTarget;
			buildConfigurationList = 6AC2A9B621C3037F00878029 /* Build configuration list for PBXNativeTarget "DondeTests" */;
			buildPhases = (
				9F5AFDB461AB79D9D98F76BA /* [CP] Check Pods Manifest.lock */,
				6AC2A9A621C3037F00878029 /* Sources */,
				6AC2A9A721C3037F00878029 /* Frameworks */,
				6AC2A9A821C3037F00878029 /* Resources */,
			);
			buildRules = (
			);
			dependencies = (
				6AC2A9AC21C3037F00878029 /* PBXTargetDependency */,
			);
			name = DondeTests;
			productName = DondeTests;
			productReference = 6AC2A9AA21C3037F00878029 /* DondeTests.xctest */;
			productType = "com.apple.product-type.bundle.unit-test";
		};
/* End PBXNativeTarget section */

/* Begin PBXProject section */
		6AC2A98E21C3037D00878029 /* Project object */ = {
			isa = PBXProject;
			attributes = {
				LastSwiftUpdateCheck = 1010;
				LastUpgradeCheck = 1010;
				ORGANIZATIONNAME = "Jesus Garnica";
				TargetAttributes = {
					6AC2A99521C3037D00878029 = {
						CreatedOnToolsVersion = 10.1;
					};
					6AC2A9A921C3037F00878029 = {
						CreatedOnToolsVersion = 10.1;
						TestTargetID = 6AC2A99521C3037D00878029;
					};
				};
			};
			buildConfigurationList = 6AC2A99121C3037D00878029 /* Build configuration list for PBXProject "Donde" */;
			compatibilityVersion = "Xcode 9.3";
			developmentRegion = en;
			hasScannedForEncodings = 0;
			knownRegions = (
				en,
				Base,
			);
			mainGroup = 6AC2A98D21C3037D00878029;
			productRefGroup = 6AC2A99721C3037D00878029 /* Products */;
			projectDirPath = "";
			projectRoot = "";
			targets = (
				6AC2A99521C3037D00878029 /* Donde */,
				6AC2A9A921C3037F00878029 /* DondeTests */,
			);
		};
/* End PBXProject section */

/* Begin PBXResourcesBuildPhase section */
		6AC2A99421C3037D00878029 /* Resources */ = {
			isa = PBXResourcesBuildPhase;
			buildActionMask = 2147483647;
			files = (
				6AC2A9A421C3037F00878029 /* LaunchScreen.storyboard in Resources */,
				6AC2A9A121C3037F00878029 /* Assets.xcassets in Resources */,
				6AC2A99F21C3037D00878029 /* Main.storyboard in Resources */,
			);
			runOnlyForDeploymentPostprocessing = 0;
		};
		6AC2A9A821C3037F00878029 /* Resources */ = {
			isa = PBXResourcesBuildPhase;
			buildActionMask = 2147483647;
			files = (
			);
			runOnlyForDeploymentPostprocessing = 0;
		};
/* End PBXResourcesBuildPhase section */

/* Begin PBXShellScriptBuildPhase section */
		43542BC67C14A3F29A767140 /* [CP] Embed Pods Frameworks */ = {
			isa = PBXShellScriptBuildPhase;
			buildActionMask = 2147483647;
			files = (
			);
			inputFileListPaths = (
			);
			inputPaths = (
				"${SRCROOT}/Pods/Target Support Files/Pods-Donde/Pods-Donde-frameworks.sh",
				"${BUILT_PRODUCTS_DIR}/SwiftyJSON/SwiftyJSON.framework",
			);
			name = "[CP] Embed Pods Frameworks";
			outputFileListPaths = (
			);
			outputPaths = (
				"${TARGET_BUILD_DIR}/${FRAMEWORKS_FOLDER_PATH}/SwiftyJSON.framework",
			);
			runOnlyForDeploymentPostprocessing = 0;
			shellPath = /bin/sh;
			shellScript = "\"${SRCROOT}/Pods/Target Support Files/Pods-Donde/Pods-Donde-frameworks.sh\"\n";
			showEnvVarsInLog = 0;
		};
		523FAE6943F713C7D8B166A2 /* [CP] Copy Pods Resources */ = {
			isa = PBXShellScriptBuildPhase;
			buildActionMask = 2147483647;
			files = (
			);
			inputFileListPaths = (
			);
			inputPaths = (
				"${SRCROOT}/Pods/Target Support Files/Pods-Donde/Pods-Donde-resources.sh",
				"${PODS_ROOT}/GoogleMaps/Maps/Frameworks/GoogleMaps.framework/Resources/GoogleMaps.bundle",
				"${PODS_ROOT}/GooglePlaces/Frameworks/GooglePlaces.framework/Resources/GooglePlaces.bundle",
			);
			name = "[CP] Copy Pods Resources";
			outputFileListPaths = (
			);
			outputPaths = (
				"${TARGET_BUILD_DIR}/${UNLOCALIZED_RESOURCES_FOLDER_PATH}/GoogleMaps.bundle",
				"${TARGET_BUILD_DIR}/${UNLOCALIZED_RESOURCES_FOLDER_PATH}/GooglePlaces.bundle",
			);
			runOnlyForDeploymentPostprocessing = 0;
			shellPath = /bin/sh;
			shellScript = "\"${SRCROOT}/Pods/Target Support Files/Pods-Donde/Pods-Donde-resources.sh\"\n";
			showEnvVarsInLog = 0;
		};
		97F33E16A8F051AFCEC366DE /* [CP] Check Pods Manifest.lock */ = {
			isa = PBXShellScriptBuildPhase;
			buildActionMask = 2147483647;
			files = (
			);
			inputFileListPaths = (
			);
			inputPaths = (
				"${PODS_PODFILE_DIR_PATH}/Podfile.lock",
				"${PODS_ROOT}/Manifest.lock",
			);
			name = "[CP] Check Pods Manifest.lock";
			outputFileListPaths = (
			);
			outputPaths = (
				"$(DERIVED_FILE_DIR)/Pods-Donde-checkManifestLockResult.txt",
			);
			runOnlyForDeploymentPostprocessing = 0;
			shellPath = /bin/sh;
			shellScript = "diff \"${PODS_PODFILE_DIR_PATH}/Podfile.lock\" \"${PODS_ROOT}/Manifest.lock\" > /dev/null\nif [ $? != 0 ] ; then\n    # print error to STDERR\n    echo \"error: The sandbox is not in sync with the Podfile.lock. Run 'pod install' or update your CocoaPods installation.\" >&2\n    exit 1\nfi\n# This output is used by Xcode 'outputs' to avoid re-running this script phase.\necho \"SUCCESS\" > \"${SCRIPT_OUTPUT_FILE_0}\"\n";
			showEnvVarsInLog = 0;
		};
		9F5AFDB461AB79D9D98F76BA /* [CP] Check Pods Manifest.lock */ = {
			isa = PBXShellScriptBuildPhase;
			buildActionMask = 2147483647;
			files = (
			);
			inputFileListPaths = (
			);
			inputPaths = (
				"${PODS_PODFILE_DIR_PATH}/Podfile.lock",
				"${PODS_ROOT}/Manifest.lock",
			);
			name = "[CP] Check Pods Manifest.lock";
			outputFileListPaths = (
			);
			outputPaths = (
				"$(DERIVED_FILE_DIR)/Pods-DondeTests-checkManifestLockResult.txt",
			);
			runOnlyForDeploymentPostprocessing = 0;
			shellPath = /bin/sh;
			shellScript = "diff \"${PODS_PODFILE_DIR_PATH}/Podfile.lock\" \"${PODS_ROOT}/Manifest.lock\" > /dev/null\nif [ $? != 0 ] ; then\n    # print error to STDERR\n    echo \"error: The sandbox is not in sync with the Podfile.lock. Run 'pod install' or update your CocoaPods installation.\" >&2\n    exit 1\nfi\n# This output is used by Xcode 'outputs' to avoid re-running this script phase.\necho \"SUCCESS\" > \"${SCRIPT_OUTPUT_FILE_0}\"\n";
			showEnvVarsInLog = 0;
		};
/* End PBXShellScriptBuildPhase section */

/* Begin PBXSourcesBuildPhase section */
		6AC2A99221C3037D00878029 /* Sources */ = {
			isa = PBXSourcesBuildPhase;
			buildActionMask = 2147483647;
			files = (
				6AC2A99A21C3037D00878029 /* AppDelegate.swift in Sources */,
				6AC0A0F921C319EB00C34ADE /* PlacePin.swift in Sources */,
				6AC0A0F721C3188800C34ADE /* GoogleDataWrapper.swift in Sources */,
				6AC0A0F421C317C300C34ADE /* GooglePlace.swift in Sources */,
				6A7802F421C307BD00F349A5 /* HomeMapViewController.swift in Sources */,
				6AC0A0FB21C34C8900C34ADE /* PlaceChoseViewController.swift in Sources */,
			);
			runOnlyForDeploymentPostprocessing = 0;
		};
		6AC2A9A621C3037F00878029 /* Sources */ = {
			isa = PBXSourcesBuildPhase;
			buildActionMask = 2147483647;
			files = (
				6AC2A9AF21C3037F00878029 /* DondeTests.swift in Sources */,
			);
			runOnlyForDeploymentPostprocessing = 0;
		};
/* End PBXSourcesBuildPhase section */

/* Begin PBXTargetDependency section */
		6AC2A9AC21C3037F00878029 /* PBXTargetDependency */ = {
			isa = PBXTargetDependency;
			target = 6AC2A99521C3037D00878029 /* Donde */;
			targetProxy = 6AC2A9AB21C3037F00878029 /* PBXContainerItemProxy */;
		};
/* End PBXTargetDependency section */

/* Begin PBXVariantGroup section */
		6AC2A99D21C3037D00878029 /* Main.storyboard */ = {
			isa = PBXVariantGroup;
			children = (
				6AC2A99E21C3037D00878029 /* Base */,
			);
			name = Main.storyboard;
			sourceTree = "<group>";
		};
		6AC2A9A221C3037F00878029 /* LaunchScreen.storyboard */ = {
			isa = PBXVariantGroup;
			children = (
				6AC2A9A321C3037F00878029 /* Base */,
			);
			name = LaunchScreen.storyboard;
			sourceTree = "<group>";
		};
/* End PBXVariantGroup section */

/* Begin XCBuildConfiguration section */
		6AC2A9B121C3037F00878029 /* Debug */ = {
			isa = XCBuildConfiguration;
			buildSettings = {
				ALWAYS_SEARCH_USER_PATHS = NO;
				CLANG_ANALYZER_NONNULL = YES;
				CLANG_ANALYZER_NUMBER_OBJECT_CONVERSION = YES_AGGRESSIVE;
				CLANG_CXX_LANGUAGE_STANDARD = "gnu++14";
				CLANG_CXX_LIBRARY = "libc++";
				CLANG_ENABLE_MODULES = YES;
				CLANG_ENABLE_OBJC_ARC = YES;
				CLANG_ENABLE_OBJC_WEAK = YES;
				CLANG_WARN_BLOCK_CAPTURE_AUTORELEASING = YES;
				CLANG_WARN_BOOL_CONVERSION = YES;
				CLANG_WARN_COMMA = YES;
				CLANG_WARN_CONSTANT_CONVERSION = YES;
				CLANG_WARN_DEPRECATED_OBJC_IMPLEMENTATIONS = YES;
				CLANG_WARN_DIRECT_OBJC_ISA_USAGE = YES_ERROR;
				CLANG_WARN_DOCUMENTATION_COMMENTS = YES;
				CLANG_WARN_EMPTY_BODY = YES;
				CLANG_WARN_ENUM_CONVERSION = YES;
				CLANG_WARN_INFINITE_RECURSION = YES;
				CLANG_WARN_INT_CONVERSION = YES;
				CLANG_WARN_NON_LITERAL_NULL_CONVERSION = YES;
				CLANG_WARN_OBJC_IMPLICIT_RETAIN_SELF = YES;
				CLANG_WARN_OBJC_LITERAL_CONVERSION = YES;
				CLANG_WARN_OBJC_ROOT_CLASS = YES_ERROR;
				CLANG_WARN_RANGE_LOOP_ANALYSIS = YES;
				CLANG_WARN_STRICT_PROTOTYPES = YES;
				CLANG_WARN_SUSPICIOUS_MOVE = YES;
				CLANG_WARN_UNGUARDED_AVAILABILITY = YES_AGGRESSIVE;
				CLANG_WARN_UNREACHABLE_CODE = YES;
				CLANG_WARN__DUPLICATE_METHOD_MATCH = YES;
				CODE_SIGN_IDENTITY = "iPhone Developer";
				COPY_PHASE_STRIP = NO;
				DEBUG_INFORMATION_FORMAT = dwarf;
				ENABLE_STRICT_OBJC_MSGSEND = YES;
				ENABLE_TESTABILITY = YES;
				GCC_C_LANGUAGE_STANDARD = gnu11;
				GCC_DYNAMIC_NO_PIC = NO;
				GCC_NO_COMMON_BLOCKS = YES;
				GCC_OPTIMIZATION_LEVEL = 0;
				GCC_PREPROCESSOR_DEFINITIONS = (
					"DEBUG=1",
					"$(inherited)",
				);
				GCC_WARN_64_TO_32_BIT_CONVERSION = YES;
				GCC_WARN_ABOUT_RETURN_TYPE = YES_ERROR;
				GCC_WARN_UNDECLARED_SELECTOR = YES;
				GCC_WARN_UNINITIALIZED_AUTOS = YES_AGGRESSIVE;
				GCC_WARN_UNUSED_FUNCTION = YES;
				GCC_WARN_UNUSED_VARIABLE = YES;
				IPHONEOS_DEPLOYMENT_TARGET = 12.1;
				MTL_ENABLE_DEBUG_INFO = INCLUDE_SOURCE;
				MTL_FAST_MATH = YES;
				ONLY_ACTIVE_ARCH = YES;
				SDKROOT = iphoneos;
				SWIFT_ACTIVE_COMPILATION_CONDITIONS = DEBUG;
				SWIFT_OPTIMIZATION_LEVEL = "-Onone";
			};
			name = Debug;
		};
		6AC2A9B221C3037F00878029 /* Release */ = {
			isa = XCBuildConfiguration;
			buildSettings = {
				ALWAYS_SEARCH_USER_PATHS = NO;
				CLANG_ANALYZER_NONNULL = YES;
				CLANG_ANALYZER_NUMBER_OBJECT_CONVERSION = YES_AGGRESSIVE;
				CLANG_CXX_LANGUAGE_STANDARD = "gnu++14";
				CLANG_CXX_LIBRARY = "libc++";
				CLANG_ENABLE_MODULES = YES;
				CLANG_ENABLE_OBJC_ARC = YES;
				CLANG_ENABLE_OBJC_WEAK = YES;
				CLANG_WARN_BLOCK_CAPTURE_AUTORELEASING = YES;
				CLANG_WARN_BOOL_CONVERSION = YES;
				CLANG_WARN_COMMA = YES;
				CLANG_WARN_CONSTANT_CONVERSION = YES;
				CLANG_WARN_DEPRECATED_OBJC_IMPLEMENTATIONS = YES;
				CLANG_WARN_DIRECT_OBJC_ISA_USAGE = YES_ERROR;
				CLANG_WARN_DOCUMENTATION_COMMENTS = YES;
				CLANG_WARN_EMPTY_BODY = YES;
				CLANG_WARN_ENUM_CONVERSION = YES;
				CLANG_WARN_INFINITE_RECURSION = YES;
				CLANG_WARN_INT_CONVERSION = YES;
				CLANG_WARN_NON_LITERAL_NULL_CONVERSION = YES;
				CLANG_WARN_OBJC_IMPLICIT_RETAIN_SELF = YES;
				CLANG_WARN_OBJC_LITERAL_CONVERSION = YES;
				CLANG_WARN_OBJC_ROOT_CLASS = YES_ERROR;
				CLANG_WARN_RANGE_LOOP_ANALYSIS = YES;
				CLANG_WARN_STRICT_PROTOTYPES = YES;
				CLANG_WARN_SUSPICIOUS_MOVE = YES;
				CLANG_WARN_UNGUARDED_AVAILABILITY = YES_AGGRESSIVE;
				CLANG_WARN_UNREACHABLE_CODE = YES;
				CLANG_WARN__DUPLICATE_METHOD_MATCH = YES;
				CODE_SIGN_IDENTITY = "iPhone Developer";
				COPY_PHASE_STRIP = NO;
				DEBUG_INFORMATION_FORMAT = "dwarf-with-dsym";
				ENABLE_NS_ASSERTIONS = NO;
				ENABLE_STRICT_OBJC_MSGSEND = YES;
				GCC_C_LANGUAGE_STANDARD = gnu11;
				GCC_NO_COMMON_BLOCKS = YES;
				GCC_WARN_64_TO_32_BIT_CONVERSION = YES;
				GCC_WARN_ABOUT_RETURN_TYPE = YES_ERROR;
				GCC_WARN_UNDECLARED_SELECTOR = YES;
				GCC_WARN_UNINITIALIZED_AUTOS = YES_AGGRESSIVE;
				GCC_WARN_UNUSED_FUNCTION = YES;
				GCC_WARN_UNUSED_VARIABLE = YES;
				IPHONEOS_DEPLOYMENT_TARGET = 12.1;
				MTL_ENABLE_DEBUG_INFO = NO;
				MTL_FAST_MATH = YES;
				SDKROOT = iphoneos;
				SWIFT_COMPILATION_MODE = wholemodule;
				SWIFT_OPTIMIZATION_LEVEL = "-O";
				VALIDATE_PRODUCT = YES;
			};
			name = Release;
		};
		6AC2A9B421C3037F00878029 /* Debug */ = {
			isa = XCBuildConfiguration;
			baseConfigurationReference = 34B0EF15BD670930643BE54B /* Pods-Donde.debug.xcconfig */;
			buildSettings = {
				ASSETCATALOG_COMPILER_APPICON_NAME = AppIcon;
				CODE_SIGN_STYLE = Automatic;
				DEVELOPMENT_TEAM = 2GJQFA47U4;
				INFOPLIST_FILE = Donde/Info.plist;
				LD_RUNPATH_SEARCH_PATHS = (
					"$(inherited)",
					"@executable_path/Frameworks",
				);
				PRODUCT_BUNDLE_IDENTIFIER = com.jesusgarnica.Donde;
				PRODUCT_NAME = "$(TARGET_NAME)";
				SWIFT_VERSION = 4.2;
				TARGETED_DEVICE_FAMILY = "1,2";
			};
			name = Debug;
		};
		6AC2A9B521C3037F00878029 /* Release */ = {
			isa = XCBuildConfiguration;
			baseConfigurationReference = 4BD02DF2216EFEF9DB9E15EA /* Pods-Donde.release.xcconfig */;
			buildSettings = {
				ASSETCATALOG_COMPILER_APPICON_NAME = AppIcon;
				CODE_SIGN_STYLE = Automatic;
				DEVELOPMENT_TEAM = 2GJQFA47U4;
				INFOPLIST_FILE = Donde/Info.plist;
				LD_RUNPATH_SEARCH_PATHS = (
					"$(inherited)",
					"@executable_path/Frameworks",
				);
				PRODUCT_BUNDLE_IDENTIFIER = com.jesusgarnica.Donde;
				PRODUCT_NAME = "$(TARGET_NAME)";
				SWIFT_VERSION = 4.2;
				TARGETED_DEVICE_FAMILY = "1,2";
			};
			name = Release;
		};
		6AC2A9B721C3037F00878029 /* Debug */ = {
			isa = XCBuildConfiguration;
			baseConfigurationReference = F09C250A52B312699E8887CF /* Pods-DondeTests.debug.xcconfig */;
			buildSettings = {
				ALWAYS_EMBED_SWIFT_STANDARD_LIBRARIES = YES;
				BUNDLE_LOADER = "$(TEST_HOST)";
				CODE_SIGN_STYLE = Automatic;
				DEVELOPMENT_TEAM = 2GJQFA47U4;
				INFOPLIST_FILE = DondeTests/Info.plist;
				LD_RUNPATH_SEARCH_PATHS = (
					"$(inherited)",
					"@executable_path/Frameworks",
					"@loader_path/Frameworks",
				);
				PRODUCT_BUNDLE_IDENTIFIER = com.jesusgarnica.DondeTests;
				PRODUCT_NAME = "$(TARGET_NAME)";
				SWIFT_VERSION = 4.2;
				TARGETED_DEVICE_FAMILY = "1,2";
				TEST_HOST = "$(BUILT_PRODUCTS_DIR)/Donde.app/Donde";
			};
			name = Debug;
		};
		6AC2A9B821C3037F00878029 /* Release */ = {
			isa = XCBuildConfiguration;
			baseConfigurationReference = 4E260605FCC8F230DD6CA162 /* Pods-DondeTests.release.xcconfig */;
			buildSettings = {
				ALWAYS_EMBED_SWIFT_STANDARD_LIBRARIES = YES;
				BUNDLE_LOADER = "$(TEST_HOST)";
				CODE_SIGN_STYLE = Automatic;
				DEVELOPMENT_TEAM = 2GJQFA47U4;
				INFOPLIST_FILE = DondeTests/Info.plist;
				LD_RUNPATH_SEARCH_PATHS = (
					"$(inherited)",
					"@executable_path/Frameworks",
					"@loader_path/Frameworks",
				);
				PRODUCT_BUNDLE_IDENTIFIER = com.jesusgarnica.DondeTests;
				PRODUCT_NAME = "$(TARGET_NAME)";
				SWIFT_VERSION = 4.2;
				TARGETED_DEVICE_FAMILY = "1,2";
				TEST_HOST = "$(BUILT_PRODUCTS_DIR)/Donde.app/Donde";
			};
			name = Release;
		};
/* End XCBuildConfiguration section */

/* Begin XCConfigurationList section */
		6AC2A99121C3037D00878029 /* Build configuration list for PBXProject "Donde" */ = {
			isa = XCConfigurationList;
			buildConfigurations = (
				6AC2A9B121C3037F00878029 /* Debug */,
				6AC2A9B221C3037F00878029 /* Release */,
			);
			defaultConfigurationIsVisible = 0;
			defaultConfigurationName = Release;
		};
		6AC2A9B321C3037F00878029 /* Build configuration list for PBXNativeTarget "Donde" */ = {
			isa = XCConfigurationList;
			buildConfigurations = (
				6AC2A9B421C3037F00878029 /* Debug */,
				6AC2A9B521C3037F00878029 /* Release */,
			);
			defaultConfigurationIsVisible = 0;
			defaultConfigurationName = Release;
		};
		6AC2A9B621C3037F00878029 /* Build configuration list for PBXNativeTarget "DondeTests" */ = {
			isa = XCConfigurationList;
			buildConfigurations = (
				6AC2A9B721C3037F00878029 /* Debug */,
				6AC2A9B821C3037F00878029 /* Release */,
			);
			defaultConfigurationIsVisible = 0;
			defaultConfigurationName = Release;
		};
/* End XCConfigurationList section */
	};
	rootObject = 6AC2A98E21C3037D00878029 /* Project object */;
}
